// !$*UTF8*$!
{
	archiveVersion = 1;
	classes = {
	};
	objectVersion = 51;
	objects = {

/* Begin PBXBuildFile section */
		3CB23167C3245A5BD6B0FDBB /* Pods_YoutubeApp.framework in Frameworks */ = {isa = PBXBuildFile; fileRef = 35D6E66EFDD4774BB81873CE /* Pods_YoutubeApp.framework */; };
		6431737A252E0BD8003BDEE4 /* AppDelegate.swift in Sources */ = {isa = PBXBuildFile; fileRef = 64317379252E0BD8003BDEE4 /* AppDelegate.swift */; };
		6431737C252E0BD8003BDEE4 /* SceneDelegate.swift in Sources */ = {isa = PBXBuildFile; fileRef = 6431737B252E0BD8003BDEE4 /* SceneDelegate.swift */; };
		6431737E252E0BD8003BDEE4 /* ViewController.swift in Sources */ = {isa = PBXBuildFile; fileRef = 6431737D252E0BD8003BDEE4 /* ViewController.swift */; };
		64317381252E0BD8003BDEE4 /* Home.storyboard in Resources */ = {isa = PBXBuildFile; fileRef = 6431737F252E0BD8003BDEE4 /* Home.storyboard */; };
		64317383252E0BDB003BDEE4 /* Assets.xcassets in Resources */ = {isa = PBXBuildFile; fileRef = 64317382252E0BDB003BDEE4 /* Assets.xcassets */; };
		64317386252E0BDB003BDEE4 /* LaunchScreen.storyboard in Resources */ = {isa = PBXBuildFile; fileRef = 64317384252E0BDB003BDEE4 /* LaunchScreen.storyboard */; };
		6431738F252E1A32003BDEE4 /* VideoListCell.swift in Sources */ = {isa = PBXBuildFile; fileRef = 6431738D252E1A32003BDEE4 /* VideoListCell.swift */; };
		64317390252E1A32003BDEE4 /* VideoListCell.xib in Resources */ = {isa = PBXBuildFile; fileRef = 6431738E252E1A32003BDEE4 /* VideoListCell.xib */; };
		64317393253059AB003BDEE4 /* Video.swift in Sources */ = {isa = PBXBuildFile; fileRef = 64317392253059AB003BDEE4 /* Video.swift */; };
		64317395253072EF003BDEE4 /* Channel.swift in Sources */ = {isa = PBXBuildFile; fileRef = 64317394253072EF003BDEE4 /* Channel.swift */; };
		643173982530B0EB003BDEE4 /* API.swift in Sources */ = {isa = PBXBuildFile; fileRef = 643173972530B0EB003BDEE4 /* API.swift */; };
		6431739A2530DA5D003BDEE4 /* BaseTabBar.storyboard in Resources */ = {isa = PBXBuildFile; fileRef = 643173992530DA5D003BDEE4 /* BaseTabBar.storyboard */; };
		6431739C25315A10003BDEE4 /* BaseTabBarController.swift in Sources */ = {isa = PBXBuildFile; fileRef = 6431739B25315A10003BDEE4 /* BaseTabBarController.swift */; };
		6431739F253161FE003BDEE4 /* UIImageーExtension.swift in Sources */ = {isa = PBXBuildFile; fileRef = 6431739E253161FE003BDEE4 /* UIImageーExtension.swift */; };
		643173A325317241003BDEE4 /* Search.storyboard in Resources */ = {isa = PBXBuildFile; fileRef = 643173A225317241003BDEE4 /* Search.storyboard */; };
		643173A525317297003BDEE4 /* Channel.storyboard in Resources */ = {isa = PBXBuildFile; fileRef = 643173A425317297003BDEE4 /* Channel.storyboard */; };
		643173A7253172B9003BDEE4 /* Inbox.storyboard in Resources */ = {isa = PBXBuildFile; fileRef = 643173A6253172B9003BDEE4 /* Inbox.storyboard */; };
		643173A9253172D7003BDEE4 /* Library.storyboard in Resources */ = {isa = PBXBuildFile; fileRef = 643173A8253172D7003BDEE4 /* Library.storyboard */; };
/* End PBXBuildFile section */

/* Begin PBXFileReference section */
		2B436675EE584055294B4E10 /* Pods-YoutubeApp.debug.xcconfig */ = {isa = PBXFileReference; includeInIndex = 1; lastKnownFileType = text.xcconfig; name = "Pods-YoutubeApp.debug.xcconfig"; path = "Target Support Files/Pods-YoutubeApp/Pods-YoutubeApp.debug.xcconfig"; sourceTree = "<group>"; };
		35D6E66EFDD4774BB81873CE /* Pods_YoutubeApp.framework */ = {isa = PBXFileReference; explicitFileType = wrapper.framework; includeInIndex = 0; path = Pods_YoutubeApp.framework; sourceTree = BUILT_PRODUCTS_DIR; };
		64317376252E0BD8003BDEE4 /* YoutubeApp.app */ = {isa = PBXFileReference; explicitFileType = wrapper.application; includeInIndex = 0; path = YoutubeApp.app; sourceTree = BUILT_PRODUCTS_DIR; };
		64317379252E0BD8003BDEE4 /* AppDelegate.swift */ = {isa = PBXFileReference; lastKnownFileType = sourcecode.swift; path = AppDelegate.swift; sourceTree = "<group>"; };
		6431737B252E0BD8003BDEE4 /* SceneDelegate.swift */ = {isa = PBXFileReference; lastKnownFileType = sourcecode.swift; path = SceneDelegate.swift; sourceTree = "<group>"; };
		6431737D252E0BD8003BDEE4 /* ViewController.swift */ = {isa = PBXFileReference; lastKnownFileType = sourcecode.swift; path = ViewController.swift; sourceTree = "<group>"; };
		64317380252E0BD8003BDEE4 /* Base */ = {isa = PBXFileReference; lastKnownFileType = file.storyboard; name = Base; path = Base.lproj/Home.storyboard; sourceTree = "<group>"; };
		64317382252E0BDB003BDEE4 /* Assets.xcassets */ = {isa = PBXFileReference; lastKnownFileType = folder.assetcatalog; path = Assets.xcassets; sourceTree = "<group>"; };
		64317385252E0BDB003BDEE4 /* Base */ = {isa = PBXFileReference; lastKnownFileType = file.storyboard; name = Base; path = Base.lproj/LaunchScreen.storyboard; sourceTree = "<group>"; };
		64317387252E0BDB003BDEE4 /* Info.plist */ = {isa = PBXFileReference; lastKnownFileType = text.plist.xml; path = Info.plist; sourceTree = "<group>"; };
		6431738D252E1A32003BDEE4 /* VideoListCell.swift */ = {isa = PBXFileReference; lastKnownFileType = sourcecode.swift; path = VideoListCell.swift; sourceTree = "<group>"; };
		6431738E252E1A32003BDEE4 /* VideoListCell.xib */ = {isa = PBXFileReference; lastKnownFileType = file.xib; path = VideoListCell.xib; sourceTree = "<group>"; };
		64317392253059AB003BDEE4 /* Video.swift */ = {isa = PBXFileReference; lastKnownFileType = sourcecode.swift; path = Video.swift; sourceTree = "<group>"; };
		64317394253072EF003BDEE4 /* Channel.swift */ = {isa = PBXFileReference; lastKnownFileType = sourcecode.swift; path = Channel.swift; sourceTree = "<group>"; };
		643173972530B0EB003BDEE4 /* API.swift */ = {isa = PBXFileReference; lastKnownFileType = sourcecode.swift; path = API.swift; sourceTree = "<group>"; };
		643173992530DA5D003BDEE4 /* BaseTabBar.storyboard */ = {isa = PBXFileReference; lastKnownFileType = file.storyboard; path = BaseTabBar.storyboard; sourceTree = "<group>"; };
		6431739B25315A10003BDEE4 /* BaseTabBarController.swift */ = {isa = PBXFileReference; lastKnownFileType = sourcecode.swift; path = BaseTabBarController.swift; sourceTree = "<group>"; };
		6431739E253161FE003BDEE4 /* UIImageーExtension.swift */ = {isa = PBXFileReference; lastKnownFileType = sourcecode.swift; path = "UIImageーExtension.swift"; sourceTree = "<group>"; };
		643173A225317241003BDEE4 /* Search.storyboard */ = {isa = PBXFileReference; lastKnownFileType = file.storyboard; path = Search.storyboard; sourceTree = "<group>"; };
		643173A425317297003BDEE4 /* Channel.storyboard */ = {isa = PBXFileReference; lastKnownFileType = file.storyboard; path = Channel.storyboard; sourceTree = "<group>"; };
		643173A6253172B9003BDEE4 /* Inbox.storyboard */ = {isa = PBXFileReference; lastKnownFileType = file.storyboard; path = Inbox.storyboard; sourceTree = "<group>"; };
		643173A8253172D7003BDEE4 /* Library.storyboard */ = {isa = PBXFileReference; lastKnownFileType = file.storyboard; path = Library.storyboard; sourceTree = "<group>"; };
		7ADFF1D1E786EAFB87A21E5D /* Pods-YoutubeApp.release.xcconfig */ = {isa = PBXFileReference; includeInIndex = 1; lastKnownFileType = text.xcconfig; name = "Pods-YoutubeApp.release.xcconfig"; path = "Target Support Files/Pods-YoutubeApp/Pods-YoutubeApp.release.xcconfig"; sourceTree = "<group>"; };
/* End PBXFileReference section */

/* Begin PBXFrameworksBuildPhase section */
		64317373252E0BD8003BDEE4 /* Frameworks */ = {
			isa = PBXFrameworksBuildPhase;
			buildActionMask = 2147483647;
			files = (
				3CB23167C3245A5BD6B0FDBB /* Pods_YoutubeApp.framework in Frameworks */,
			);
			runOnlyForDeploymentPostprocessing = 0;
		};
/* End PBXFrameworksBuildPhase section */

/* Begin PBXGroup section */
		6431736D252E0BD8003BDEE4 = {
			isa = PBXGroup;
			children = (
				64317378252E0BD8003BDEE4 /* YoutubeApp */,
				64317377252E0BD8003BDEE4 /* Products */,
				DCD0E85005B783C6DBC29D1C /* Pods */,
				D224F8E7B44F54ECC5ABE282 /* Frameworks */,
			);
			sourceTree = "<group>";
		};
		64317377252E0BD8003BDEE4 /* Products */ = {
			isa = PBXGroup;
			children = (
				64317376252E0BD8003BDEE4 /* YoutubeApp.app */,
			);
			name = Products;
			sourceTree = "<group>";
		};
		64317378252E0BD8003BDEE4 /* YoutubeApp */ = {
			isa = PBXGroup;
			children = (
				64317379252E0BD8003BDEE4 /* AppDelegate.swift */,
				6431737B252E0BD8003BDEE4 /* SceneDelegate.swift */,
				643173962530B0B3003BDEE4 /* Service */,
				6431739125305986003BDEE4 /* Models */,
				643173A1253171DC003BDEE4 /* ViewControllers */,
				6431739D2531618A003BDEE4 /* Extensions */,
				643173A0253171A4003BDEE4 /* StoryBords */,
				6431738D252E1A32003BDEE4 /* VideoListCell.swift */,
				6431738E252E1A32003BDEE4 /* VideoListCell.xib */,
				64317382252E0BDB003BDEE4 /* Assets.xcassets */,
				64317384252E0BDB003BDEE4 /* LaunchScreen.storyboard */,
				64317387252E0BDB003BDEE4 /* Info.plist */,
			);
			path = YoutubeApp;
			sourceTree = "<group>";
		};
		6431739125305986003BDEE4 /* Models */ = {
			isa = PBXGroup;
			children = (
				64317392253059AB003BDEE4 /* Video.swift */,
				64317394253072EF003BDEE4 /* Channel.swift */,
			);
			path = Models;
			sourceTree = "<group>";
		};
		643173962530B0B3003BDEE4 /* Service */ = {
			isa = PBXGroup;
			children = (
				643173972530B0EB003BDEE4 /* API.swift */,
			);
			path = Service;
			sourceTree = "<group>";
		};
		6431739D2531618A003BDEE4 /* Extensions */ = {
			isa = PBXGroup;
			children = (
				6431739E253161FE003BDEE4 /* UIImageーExtension.swift */,
			);
			path = Extensions;
			sourceTree = "<group>";
		};
		643173A0253171A4003BDEE4 /* StoryBords */ = {
			isa = PBXGroup;
			children = (
				6431737F252E0BD8003BDEE4 /* Home.storyboard */,
				643173992530DA5D003BDEE4 /* BaseTabBar.storyboard */,
				643173A225317241003BDEE4 /* Search.storyboard */,
				643173A425317297003BDEE4 /* Channel.storyboard */,
				643173A6253172B9003BDEE4 /* Inbox.storyboard */,
				643173A8253172D7003BDEE4 /* Library.storyboard */,
			);
			path = StoryBords;
			sourceTree = "<group>";
		};
		643173A1253171DC003BDEE4 /* ViewControllers */ = {
			isa = PBXGroup;
			children = (
				6431737D252E0BD8003BDEE4 /* ViewController.swift */,
				6431739B25315A10003BDEE4 /* BaseTabBarController.swift */,
			);
			path = ViewControllers;
			sourceTree = "<group>";
		};
		D224F8E7B44F54ECC5ABE282 /* Frameworks */ = {
			isa = PBXGroup;
			children = (
				35D6E66EFDD4774BB81873CE /* Pods_YoutubeApp.framework */,
			);
			name = Frameworks;
			sourceTree = "<group>";
		};
		DCD0E85005B783C6DBC29D1C /* Pods */ = {
			isa = PBXGroup;
			children = (
				2B436675EE584055294B4E10 /* Pods-YoutubeApp.debug.xcconfig */,
				7ADFF1D1E786EAFB87A21E5D /* Pods-YoutubeApp.release.xcconfig */,
			);
			path = Pods;
			sourceTree = "<group>";
		};
/* End PBXGroup section */

/* Begin PBXNativeTarget section */
		64317375252E0BD8003BDEE4 /* YoutubeApp */ = {
			isa = PBXNativeTarget;
			buildConfigurationList = 6431738A252E0BDB003BDEE4 /* Build configuration list for PBXNativeTarget "YoutubeApp" */;
			buildPhases = (
				E12BA0740EF34DEF8DF96EC0 /* [CP] Check Pods Manifest.lock */,
				64317372252E0BD8003BDEE4 /* Sources */,
				64317373252E0BD8003BDEE4 /* Frameworks */,
				64317374252E0BD8003BDEE4 /* Resources */,
				3291FC89B86599AD61A02D86 /* [CP] Embed Pods Frameworks */,
			);
			buildRules = (
			);
			dependencies = (
			);
			name = YoutubeApp;
			productName = YoutubeApp;
			productReference = 64317376252E0BD8003BDEE4 /* YoutubeApp.app */;
			productType = "com.apple.product-type.application";
		};
/* End PBXNativeTarget section */

/* Begin PBXProject section */
		6431736E252E0BD8003BDEE4 /* Project object */ = {
			isa = PBXProject;
			attributes = {
				LastSwiftUpdateCheck = 1170;
				LastUpgradeCheck = 1170;
				ORGANIZATIONNAME = Raphael;
				TargetAttributes = {
					64317375252E0BD8003BDEE4 = {
						CreatedOnToolsVersion = 11.7;
					};
				};
			};
			buildConfigurationList = 64317371252E0BD8003BDEE4 /* Build configuration list for PBXProject "YoutubeApp" */;
			compatibilityVersion = "Xcode 9.3";
			developmentRegion = en;
			hasScannedForEncodings = 0;
			knownRegions = (
				en,
				Base,
			);
			mainGroup = 6431736D252E0BD8003BDEE4;
			productRefGroup = 64317377252E0BD8003BDEE4 /* Products */;
			projectDirPath = "";
			projectRoot = "";
			targets = (
				64317375252E0BD8003BDEE4 /* YoutubeApp */,
			);
		};
/* End PBXProject section */

/* Begin PBXResourcesBuildPhase section */
		64317374252E0BD8003BDEE4 /* Resources */ = {
			isa = PBXResourcesBuildPhase;
			buildActionMask = 2147483647;
			files = (
				64317386252E0BDB003BDEE4 /* LaunchScreen.storyboard in Resources */,
				643173A525317297003BDEE4 /* Channel.storyboard in Resources */,
				6431739A2530DA5D003BDEE4 /* BaseTabBar.storyboard in Resources */,
				64317390252E1A32003BDEE4 /* VideoListCell.xib in Resources */,
				643173A9253172D7003BDEE4 /* Library.storyboard in Resources */,
				64317383252E0BDB003BDEE4 /* Assets.xcassets in Resources */,
				643173A325317241003BDEE4 /* Search.storyboard in Resources */,
				64317381252E0BD8003BDEE4 /* Home.storyboard in Resources */,
				643173A7253172B9003BDEE4 /* Inbox.storyboard in Resources */,
			);
			runOnlyForDeploymentPostprocessing = 0;
		};
/* End PBXResourcesBuildPhase section */

/* Begin PBXShellScriptBuildPhase section */
		3291FC89B86599AD61A02D86 /* [CP] Embed Pods Frameworks */ = {
			isa = PBXShellScriptBuildPhase;
			buildActionMask = 2147483647;
			files = (
			);
			inputFileListPaths = (
				"${PODS_ROOT}/Target Support Files/Pods-YoutubeApp/Pods-YoutubeApp-frameworks-${CONFIGURATION}-input-files.xcfilelist",
			);
			name = "[CP] Embed Pods Frameworks";
			outputFileListPaths = (
				"${PODS_ROOT}/Target Support Files/Pods-YoutubeApp/Pods-YoutubeApp-frameworks-${CONFIGURATION}-output-files.xcfilelist",
			);
			runOnlyForDeploymentPostprocessing = 0;
			shellPath = /bin/sh;
			shellScript = "\"${PODS_ROOT}/Target Support Files/Pods-YoutubeApp/Pods-YoutubeApp-frameworks.sh\"\n";
			showEnvVarsInLog = 0;
		};
		E12BA0740EF34DEF8DF96EC0 /* [CP] Check Pods Manifest.lock */ = {
			isa = PBXShellScriptBuildPhase;
			buildActionMask = 2147483647;
			files = (
			);
			inputFileListPaths = (
			);
			inputPaths = (
				"${PODS_PODFILE_DIR_PATH}/Podfile.lock",
				"${PODS_ROOT}/Manifest.lock",
			);
			name = "[CP] Check Pods Manifest.lock";
			outputFileListPaths = (
			);
			outputPaths = (
				"$(DERIVED_FILE_DIR)/Pods-YoutubeApp-checkManifestLockResult.txt",
			);
			runOnlyForDeploymentPostprocessing = 0;
			shellPath = /bin/sh;
			shellScript = "diff \"${PODS_PODFILE_DIR_PATH}/Podfile.lock\" \"${PODS_ROOT}/Manifest.lock\" > /dev/null\nif [ $? != 0 ] ; then\n    # print error to STDERR\n    echo \"error: The sandbox is not in sync with the Podfile.lock. Run 'pod install' or update your CocoaPods installation.\" >&2\n    exit 1\nfi\n# This output is used by Xcode 'outputs' to avoid re-running this script phase.\necho \"SUCCESS\" > \"${SCRIPT_OUTPUT_FILE_0}\"\n";
			showEnvVarsInLog = 0;
		};
/* End PBXShellScriptBuildPhase section */

/* Begin PBXSourcesBuildPhase section */
		64317372252E0BD8003BDEE4 /* Sources */ = {
			isa = PBXSourcesBuildPhase;
			buildActionMask = 2147483647;
			files = (
				6431739C25315A10003BDEE4 /* BaseTabBarController.swift in Sources */,
				6431737E252E0BD8003BDEE4 /* ViewController.swift in Sources */,
				64317395253072EF003BDEE4 /* Channel.swift in Sources */,
				6431738F252E1A32003BDEE4 /* VideoListCell.swift in Sources */,
				6431737A252E0BD8003BDEE4 /* AppDelegate.swift in Sources */,
				6431737C252E0BD8003BDEE4 /* SceneDelegate.swift in Sources */,
				6431739F253161FE003BDEE4 /* UIImageーExtension.swift in Sources */,
				643173982530B0EB003BDEE4 /* API.swift in Sources */,
				64317393253059AB003BDEE4 /* Video.swift in Sources */,
			);
			runOnlyForDeploymentPostprocessing = 0;
		};
/* End PBXSourcesBuildPhase section */

/* Begin PBXVariantGroup section */
		6431737F252E0BD8003BDEE4 /* Home.storyboard */ = {
			isa = PBXVariantGroup;
			children = (
				64317380252E0BD8003BDEE4 /* Base */,
			);
			name = Home.storyboard;
			sourceTree = "<group>";
		};
		64317384252E0BDB003BDEE4 /* LaunchScreen.storyboard */ = {
			isa = PBXVariantGroup;
			children = (
				64317385252E0BDB003BDEE4 /* Base */,
			);
			name = LaunchScreen.storyboard;
			sourceTree = "<group>";
		};
/* End PBXVariantGroup section */

/* Begin XCBuildConfiguration section */
		64317388252E0BDB003BDEE4 /* Debug */ = {
			isa = XCBuildConfiguration;
			buildSettings = {
				ALWAYS_SEARCH_USER_PATHS = NO;
				CLANG_ANALYZER_NONNULL = YES;
				CLANG_ANALYZER_NUMBER_OBJECT_CONVERSION = YES_AGGRESSIVE;
				CLANG_CXX_LANGUAGE_STANDARD = "gnu++14";
				CLANG_CXX_LIBRARY = "libc++";
				CLANG_ENABLE_MODULES = YES;
				CLANG_ENABLE_OBJC_ARC = YES;
				CLANG_ENABLE_OBJC_WEAK = YES;
				CLANG_WARN_BLOCK_CAPTURE_AUTORELEASING = YES;
				CLANG_WARN_BOOL_CONVERSION = YES;
				CLANG_WARN_COMMA = YES;
				CLANG_WARN_CONSTANT_CONVERSION = YES;
				CLANG_WARN_DEPRECATED_OBJC_IMPLEMENTATIONS = YES;
				CLANG_WARN_DIRECT_OBJC_ISA_USAGE = YES_ERROR;
				CLANG_WARN_DOCUMENTATION_COMMENTS = YES;
				CLANG_WARN_EMPTY_BODY = YES;
				CLANG_WARN_ENUM_CONVERSION = YES;
				CLANG_WARN_INFINITE_RECURSION = YES;
				CLANG_WARN_INT_CONVERSION = YES;
				CLANG_WARN_NON_LITERAL_NULL_CONVERSION = YES;
				CLANG_WARN_OBJC_IMPLICIT_RETAIN_SELF = YES;
				CLANG_WARN_OBJC_LITERAL_CONVERSION = YES;
				CLANG_WARN_OBJC_ROOT_CLASS = YES_ERROR;
				CLANG_WARN_RANGE_LOOP_ANALYSIS = YES;
				CLANG_WARN_STRICT_PROTOTYPES = YES;
				CLANG_WARN_SUSPICIOUS_MOVE = YES;
				CLANG_WARN_UNGUARDED_AVAILABILITY = YES_AGGRESSIVE;
				CLANG_WARN_UNREACHABLE_CODE = YES;
				CLANG_WARN__DUPLICATE_METHOD_MATCH = YES;
				COPY_PHASE_STRIP = NO;
				DEBUG_INFORMATION_FORMAT = dwarf;
				ENABLE_STRICT_OBJC_MSGSEND = YES;
				ENABLE_TESTABILITY = YES;
				GCC_C_LANGUAGE_STANDARD = gnu11;
				GCC_DYNAMIC_NO_PIC = NO;
				GCC_NO_COMMON_BLOCKS = YES;
				GCC_OPTIMIZATION_LEVEL = 0;
				GCC_PREPROCESSOR_DEFINITIONS = (
					"DEBUG=1",
					"$(inherited)",
				);
				GCC_WARN_64_TO_32_BIT_CONVERSION = YES;
				GCC_WARN_ABOUT_RETURN_TYPE = YES_ERROR;
				GCC_WARN_UNDECLARED_SELECTOR = YES;
				GCC_WARN_UNINITIALIZED_AUTOS = YES_AGGRESSIVE;
				GCC_WARN_UNUSED_FUNCTION = YES;
				GCC_WARN_UNUSED_VARIABLE = YES;
				IPHONEOS_DEPLOYMENT_TARGET = 13.7;
				MTL_ENABLE_DEBUG_INFO = INCLUDE_SOURCE;
				MTL_FAST_MATH = YES;
				ONLY_ACTIVE_ARCH = YES;
				SDKROOT = iphoneos;
				SWIFT_ACTIVE_COMPILATION_CONDITIONS = DEBUG;
				SWIFT_OPTIMIZATION_LEVEL = "-Onone";
			};
			name = Debug;
		};
		64317389252E0BDB003BDEE4 /* Release */ = {
			isa = XCBuildConfiguration;
			buildSettings = {
				ALWAYS_SEARCH_USER_PATHS = NO;
				CLANG_ANALYZER_NONNULL = YES;
				CLANG_ANALYZER_NUMBER_OBJECT_CONVERSION = YES_AGGRESSIVE;
				CLANG_CXX_LANGUAGE_STANDARD = "gnu++14";
				CLANG_CXX_LIBRARY = "libc++";
				CLANG_ENABLE_MODULES = YES;
				CLANG_ENABLE_OBJC_ARC = YES;
				CLANG_ENABLE_OBJC_WEAK = YES;
				CLANG_WARN_BLOCK_CAPTURE_AUTORELEASING = YES;
				CLANG_WARN_BOOL_CONVERSION = YES;
				CLANG_WARN_COMMA = YES;
				CLANG_WARN_CONSTANT_CONVERSION = YES;
				CLANG_WARN_DEPRECATED_OBJC_IMPLEMENTATIONS = YES;
				CLANG_WARN_DIRECT_OBJC_ISA_USAGE = YES_ERROR;
				CLANG_WARN_DOCUMENTATION_COMMENTS = YES;
				CLANG_WARN_EMPTY_BODY = YES;
				CLANG_WARN_ENUM_CONVERSION = YES;
				CLANG_WARN_INFINITE_RECURSION = YES;
				CLANG_WARN_INT_CONVERSION = YES;
				CLANG_WARN_NON_LITERAL_NULL_CONVERSION = YES;
				CLANG_WARN_OBJC_IMPLICIT_RETAIN_SELF = YES;
				CLANG_WARN_OBJC_LITERAL_CONVERSION = YES;
				CLANG_WARN_OBJC_ROOT_CLASS = YES_ERROR;
				CLANG_WARN_RANGE_LOOP_ANALYSIS = YES;
				CLANG_WARN_STRICT_PROTOTYPES = YES;
				CLANG_WARN_SUSPICIOUS_MOVE = YES;
				CLANG_WARN_UNGUARDED_AVAILABILITY = YES_AGGRESSIVE;
				CLANG_WARN_UNREACHABLE_CODE = YES;
				CLANG_WARN__DUPLICATE_METHOD_MATCH = YES;
				COPY_PHASE_STRIP = NO;
				DEBUG_INFORMATION_FORMAT = "dwarf-with-dsym";
				ENABLE_NS_ASSERTIONS = NO;
				ENABLE_STRICT_OBJC_MSGSEND = YES;
				GCC_C_LANGUAGE_STANDARD = gnu11;
				GCC_NO_COMMON_BLOCKS = YES;
				GCC_WARN_64_TO_32_BIT_CONVERSION = YES;
				GCC_WARN_ABOUT_RETURN_TYPE = YES_ERROR;
				GCC_WARN_UNDECLARED_SELECTOR = YES;
				GCC_WARN_UNINITIALIZED_AUTOS = YES_AGGRESSIVE;
				GCC_WARN_UNUSED_FUNCTION = YES;
				GCC_WARN_UNUSED_VARIABLE = YES;
				IPHONEOS_DEPLOYMENT_TARGET = 13.7;
				MTL_ENABLE_DEBUG_INFO = NO;
				MTL_FAST_MATH = YES;
				SDKROOT = iphoneos;
				SWIFT_COMPILATION_MODE = wholemodule;
				SWIFT_OPTIMIZATION_LEVEL = "-O";
				VALIDATE_PRODUCT = YES;
			};
			name = Release;
		};
		6431738B252E0BDB003BDEE4 /* Debug */ = {
			isa = XCBuildConfiguration;
			baseConfigurationReference = 2B436675EE584055294B4E10 /* Pods-YoutubeApp.debug.xcconfig */;
			buildSettings = {
				ASSETCATALOG_COMPILER_APPICON_NAME = AppIcon;
				CODE_SIGN_STYLE = Automatic;
				DEVELOPMENT_TEAM = J8LP9MW8T8;
				INFOPLIST_FILE = YoutubeApp/Info.plist;
				LD_RUNPATH_SEARCH_PATHS = (
					"$(inherited)",
					"@executable_path/Frameworks",
				);
				PRODUCT_BUNDLE_IDENTIFIER = jp.tomokazu.takahashi.YoutubeApp;
				PRODUCT_NAME = "$(TARGET_NAME)";
				SWIFT_VERSION = 5.0;
				TARGETED_DEVICE_FAMILY = 1;
			};
			name = Debug;
		};
		6431738C252E0BDB003BDEE4 /* Release */ = {
			isa = XCBuildConfiguration;
			baseConfigurationReference = 7ADFF1D1E786EAFB87A21E5D /* Pods-YoutubeApp.release.xcconfig */;
			buildSettings = {
				ASSETCATALOG_COMPILER_APPICON_NAME = AppIcon;
				CODE_SIGN_STYLE = Automatic;
				DEVELOPMENT_TEAM = J8LP9MW8T8;
				INFOPLIST_FILE = YoutubeApp/Info.plist;
				LD_RUNPATH_SEARCH_PATHS = (
					"$(inherited)",
					"@executable_path/Frameworks",
				);
				PRODUCT_BUNDLE_IDENTIFIER = jp.tomokazu.takahashi.YoutubeApp;
				PRODUCT_NAME = "$(TARGET_NAME)";
				SWIFT_VERSION = 5.0;
				TARGETED_DEVICE_FAMILY = 1;
			};
			name = Release;
		};
/* End XCBuildConfiguration section */

/* Begin XCConfigurationList section */
		64317371252E0BD8003BDEE4 /* Build configuration list for PBXProject "YoutubeApp" */ = {
			isa = XCConfigurationList;
			buildConfigurations = (
				64317388252E0BDB003BDEE4 /* Debug */,
				64317389252E0BDB003BDEE4 /* Release */,
			);
			defaultConfigurationIsVisible = 0;
			defaultConfigurationName = Release;
		};
		6431738A252E0BDB003BDEE4 /* Build configuration list for PBXNativeTarget "YoutubeApp" */ = {
			isa = XCConfigurationList;
			buildConfigurations = (
				6431738B252E0BDB003BDEE4 /* Debug */,
				6431738C252E0BDB003BDEE4 /* Release */,
			);
			defaultConfigurationIsVisible = 0;
			defaultConfigurationName = Release;
		};
/* End XCConfigurationList section */
	};
	rootObject = 6431736E252E0BD8003BDEE4 /* Project object */;
}
